
Microsoft Visual Studio Solution File, Format Version 12.00
# Visual Studio Version 16
VisualStudioVersion = 16.0.30611.23
MinimumVisualStudioVersion = 10.0.40219.1
Project("{FAE04EC0-301F-11D3-BF4B-00C04F79EFBC}") = "Find_Maximum_Number_Problem", "Find_Maximum_Number_Problem\Find_Maximum_Number_Problem.csproj", "{6A8FEEA6-3273-4A33-BC8D-1145A2294D88}"
EndProject
Project("{FAE04EC0-301F-11D3-BF4B-00C04F79EFBC}") = "Find_Maximum_Number_Tests", "Find_Maximum_Number_Tests\Find_Maximum_Number_Tests.csproj", "{C29CC660-CB9C-44AB-91AF-5D7ED3328BDF}"
EndProject
Global
	GlobalSection(SolutionConfigurationPlatforms) = preSolution
		Debug|Any CPU = Debug|Any CPU
		Release|Any CPU = Release|Any CPU
	EndGlobalSection
	GlobalSection(ProjectConfigurationPlatforms) = postSolution
		{6A8FEEA6-3273-4A33-BC8D-1145A2294D88}.Debug|Any CPU.ActiveCfg = Debug|Any CPU
		{6A8FEEA6-3273-4A33-BC8D-1145A2294D88}.Debug|Any CPU.Build.0 = Debug|Any CPU
		{6A8FEEA6-3273-4A33-BC8D-1145A2294D88}.Release|Any CPU.ActiveCfg = Release|Any CPU
		{6A8FEEA6-3273-4A33-BC8D-1145A2294D88}.Release|Any CPU.Build.0 = Release|Any CPU
		{C29CC660-CB9C-44AB-91AF-5D7ED3328BDF}.Debug|Any CPU.ActiveCfg = Debug|Any CPU
		{C29CC660-CB9C-44AB-91AF-5D7ED3328BDF}.Debug|Any CPU.Build.0 = Debug|Any CPU
		{C29CC660-CB9C-44AB-91AF-5D7ED3328BDF}.Release|Any CPU.ActiveCfg = Release|Any CPU
		{C29CC660-CB9C-44AB-91AF-5D7ED3328BDF}.Release|Any CPU.Build.0 = Release|Any CPU
	EndGlobalSection
	GlobalSection(SolutionProperties) = preSolution
		HideSolutionNode = FALSE
	EndGlobalSection
	GlobalSection(ExtensibilityGlobals) = postSolution
		SolutionGuid = {BFFC79CE-128B-4461-B069-8C5549A22ED9}
	EndGlobalSection
EndGlobal
